
Microsoft Visual Studio Solution File, Format Version 12.00
# Visual Studio Version 17
VisualStudioVersion = 17.9.34728.123
MinimumVisualStudioVersion = 10.0.40219.1
Project("{9A19103F-16F7-4668-BE54-9A1E7A4F7556}") = "StudentManagementSystem", "StudentManagementSystem\StudentManagementSystem.csproj", "{20C1FC15-E389-4351-87BB-482D9B8C1465}"
EndProject
Project("{9A19103F-16F7-4668-BE54-9A1E7A4F7556}") = "SMS.Data", "SMS.Data\SMS.Data.csproj", "{6435B17C-6EAD-405C-8D32-3EC22009B440}"
EndProject
Project("{9A19103F-16F7-4668-BE54-9A1E7A4F7556}") = "SMS.BL", "SMS.BL\SMS.BL.csproj", "{7B31556A-1FBF-4253-B303-B622495CE0B1}"
EndProject
Project("{9A19103F-16F7-4668-BE54-9A1E7A4F7556}") = "SMS.Model", "SMS.Model\SMS.Model.csproj", "{A04DE371-B1D6-4047-AB3F-5B4AA17AD29A}"
EndProject
Project("{9A19103F-16F7-4668-BE54-9A1E7A4F7556}") = "SMS.ViewModel", "SMS.ViewModel\SMS.ViewModel.csproj", "{38DA373E-C427-445F-AB4B-875DCE274288}"
EndProject
Project("{FAE04EC0-301F-11D3-BF4B-00C04F79EFBC}") = "SMS.Common", "SMS.Common\SMS.Common.csproj", "{3248E6ED-5F3C-48F1-A4E9-445C7B82DD52}"
EndProject
Global
	GlobalSection(SolutionConfigurationPlatforms) = preSolution
		Debug|Any CPU = Debug|Any CPU
		Release|Any CPU = Release|Any CPU
	EndGlobalSection
	GlobalSection(ProjectConfigurationPlatforms) = postSolution
		{20C1FC15-E389-4351-87BB-482D9B8C1465}.Debug|Any CPU.ActiveCfg = Debug|Any CPU
		{20C1FC15-E389-4351-87BB-482D9B8C1465}.Debug|Any CPU.Build.0 = Debug|Any CPU
		{20C1FC15-E389-4351-87BB-482D9B8C1465}.Release|Any CPU.ActiveCfg = Release|Any CPU
		{20C1FC15-E389-4351-87BB-482D9B8C1465}.Release|Any CPU.Build.0 = Release|Any CPU
		{6435B17C-6EAD-405C-8D32-3EC22009B440}.Debug|Any CPU.ActiveCfg = Debug|Any CPU
		{6435B17C-6EAD-405C-8D32-3EC22009B440}.Debug|Any CPU.Build.0 = Debug|Any CPU
		{6435B17C-6EAD-405C-8D32-3EC22009B440}.Release|Any CPU.ActiveCfg = Release|Any CPU
		{6435B17C-6EAD-405C-8D32-3EC22009B440}.Release|Any CPU.Build.0 = Release|Any CPU
		{7B31556A-1FBF-4253-B303-B622495CE0B1}.Debug|Any CPU.ActiveCfg = Debug|Any CPU
		{7B31556A-1FBF-4253-B303-B622495CE0B1}.Debug|Any CPU.Build.0 = Debug|Any CPU
		{7B31556A-1FBF-4253-B303-B622495CE0B1}.Release|Any CPU.ActiveCfg = Release|Any CPU
		{7B31556A-1FBF-4253-B303-B622495CE0B1}.Release|Any CPU.Build.0 = Release|Any CPU
		{A04DE371-B1D6-4047-AB3F-5B4AA17AD29A}.Debug|Any CPU.ActiveCfg = Debug|Any CPU
		{A04DE371-B1D6-4047-AB3F-5B4AA17AD29A}.Debug|Any CPU.Build.0 = Debug|Any CPU
		{A04DE371-B1D6-4047-AB3F-5B4AA17AD29A}.Release|Any CPU.ActiveCfg = Release|Any CPU
		{A04DE371-B1D6-4047-AB3F-5B4AA17AD29A}.Release|Any CPU.Build.0 = Release|Any CPU
		{38DA373E-C427-445F-AB4B-875DCE274288}.Debug|Any CPU.ActiveCfg = Debug|Any CPU
		{38DA373E-C427-445F-AB4B-875DCE274288}.Debug|Any CPU.Build.0 = Debug|Any CPU
		{38DA373E-C427-445F-AB4B-875DCE274288}.Release|Any CPU.ActiveCfg = Release|Any CPU
		{38DA373E-C427-445F-AB4B-875DCE274288}.Release|Any CPU.Build.0 = Release|Any CPU
		{3248E6ED-5F3C-48F1-A4E9-445C7B82DD52}.Debug|Any CPU.ActiveCfg = Debug|Any CPU
		{3248E6ED-5F3C-48F1-A4E9-445C7B82DD52}.Debug|Any CPU.Build.0 = Debug|Any CPU
		{3248E6ED-5F3C-48F1-A4E9-445C7B82DD52}.Release|Any CPU.ActiveCfg = Release|Any CPU
		{3248E6ED-5F3C-48F1-A4E9-445C7B82DD52}.Release|Any CPU.Build.0 = Release|Any CPU
	EndGlobalSection
	GlobalSection(SolutionProperties) = preSolution
		HideSolutionNode = FALSE
	EndGlobalSection
	GlobalSection(ExtensibilityGlobals) = postSolution
		SolutionGuid = {C65270AD-2A4F-45F2-AD50-0AA4E89E300F}
	EndGlobalSection
EndGlobal
